// !$*UTF8*$!
{
	archiveVersion = 1;
	classes = {
	};
	objectVersion = 45;
	objects = {

/* Begin PBXBuildFile section */
		1D3623260D0F684500981E51 /* MySchoolAppDelegate.m in Sources */ = {isa = PBXBuildFile; fileRef = 1D3623250D0F684500981E51 /* MySchoolAppDelegate.m */; };
		1D60589B0D05DD56006BFB54 /* main.m in Sources */ = {isa = PBXBuildFile; fileRef = 29B97316FDCFA39411CA2CEA /* main.m */; };
		1D60589F0D05DD5A006BFB54 /* Foundation.framework in Frameworks */ = {isa = PBXBuildFile; fileRef = 1D30AB110D05D00D00671497 /* Foundation.framework */; };
		1DF5F4E00D08C38300B7A737 /* UIKit.framework in Frameworks */ = {isa = PBXBuildFile; fileRef = 1DF5F4DF0D08C38300B7A737 /* UIKit.framework */; };
		288765A50DF7441C002DB57D /* CoreGraphics.framework in Frameworks */ = {isa = PBXBuildFile; fileRef = 288765A40DF7441C002DB57D /* CoreGraphics.framework */; };
		2899E5220DE3E06400AC0155 /* LoginController.xib in Resources */ = {isa = PBXBuildFile; fileRef = 2899E5210DE3E06400AC0155 /* LoginController.xib */; };
		28AD733F0D9D9553002E5188 /* MainWindow.xib in Resources */ = {isa = PBXBuildFile; fileRef = 28AD733E0D9D9553002E5188 /* MainWindow.xib */; };
		28D7ACF80DDB3853001CB0EB /* LoginController.m in Sources */ = {isa = PBXBuildFile; fileRef = 28D7ACF70DDB3853001CB0EB /* LoginController.m */; };
		AB07EFE01108E97800204AFE /* Welcome.xib in Resources */ = {isa = PBXBuildFile; fileRef = AB07EFDF1108E97800204AFE /* Welcome.xib */; };
		AB07EFF11108EA1D00204AFE /* MainMenu.m in Sources */ = {isa = PBXBuildFile; fileRef = AB07EFEF1108EA1D00204AFE /* MainMenu.m */; };
		AB07EFF21108EA1D00204AFE /* MainMenu.xib in Resources */ = {isa = PBXBuildFile; fileRef = AB07EFF01108EA1D00204AFE /* MainMenu.xib */; };
		AB07F01A1108F15F00204AFE /* model.xcdatamodel in Sources */ = {isa = PBXBuildFile; fileRef = AB07F0191108F15F00204AFE /* model.xcdatamodel */; };
		AB07F12D11090B7500204AFE /* CoreData.framework in Frameworks */ = {isa = PBXBuildFile; fileRef = AB07F12C11090B7500204AFE /* CoreData.framework */; };
		AB07F1B1110962BA00204AFE /* GameStatusHome.m in Sources */ = {isa = PBXBuildFile; fileRef = AB07F1AF110962BA00204AFE /* GameStatusHome.m */; };
		AB07F1B2110962BA00204AFE /* GameStatusHome.xib in Resources */ = {isa = PBXBuildFile; fileRef = AB07F1B0110962BA00204AFE /* GameStatusHome.xib */; };
		AB07F1DF110966CD00204AFE /* HelpHome.m in Sources */ = {isa = PBXBuildFile; fileRef = AB07F1DD110966CD00204AFE /* HelpHome.m */; };
		AB07F1E0110966CD00204AFE /* HelpHome.xib in Resources */ = {isa = PBXBuildFile; fileRef = AB07F1DE110966CD00204AFE /* HelpHome.xib */; };
		AB07F1E7110966F800204AFE /* NewGameHome.m in Sources */ = {isa = PBXBuildFile; fileRef = AB07F1E5110966F800204AFE /* NewGameHome.m */; };
		AB07F1E8110966F800204AFE /* NewGameHome.xib in Resources */ = {isa = PBXBuildFile; fileRef = AB07F1E6110966F800204AFE /* NewGameHome.xib */; };
		AB07F2151109858000204AFE /* baseViewController.m in Sources */ = {isa = PBXBuildFile; fileRef = AB07F2141109858000204AFE /* baseViewController.m */; };
		AB07F25B11098B4B00204AFE /* LibraryHome.m in Sources */ = {isa = PBXBuildFile; fileRef = AB07F25911098B4B00204AFE /* LibraryHome.m */; };
		AB07F25C11098B4B00204AFE /* LibraryHome.xib in Resources */ = {isa = PBXBuildFile; fileRef = AB07F25A11098B4B00204AFE /* LibraryHome.xib */; };
		AB07F26211098B6600204AFE /* ClassroomHome.m in Sources */ = {isa = PBXBuildFile; fileRef = AB07F26011098B6600204AFE /* ClassroomHome.m */; };
		AB07F26311098B6600204AFE /* ClassroomHome.xib in Resources */ = {isa = PBXBuildFile; fileRef = AB07F26111098B6600204AFE /* ClassroomHome.xib */; };
		AB07F26911098B7600204AFE /* LoungeHome.m in Sources */ = {isa = PBXBuildFile; fileRef = AB07F26711098B7600204AFE /* LoungeHome.m */; };
		AB07F26A11098B7600204AFE /* LoungeHome.xib in Resources */ = {isa = PBXBuildFile; fileRef = AB07F26811098B7600204AFE /* LoungeHome.xib */; };
		AB20516611174F9B00ED8E61 /* UserPlus.m in Sources */ = {isa = PBXBuildFile; fileRef = AB20516511174F9B00ED8E61 /* UserPlus.m */; };
		AB20518C1117547700ED8E61 /* User.m in Sources */ = {isa = PBXBuildFile; fileRef = AB20518B1117547700ED8E61 /* User.m */; };
		AB26205A11121CEE005D02F4 /* man.png in Resources */ = {isa = PBXBuildFile; fileRef = AB26205811121CEE005D02F4 /* man.png */; };
		AB26205B11121CEE005D02F4 /* woman.png in Resources */ = {isa = PBXBuildFile; fileRef = AB26205911121CEE005D02F4 /* woman.png */; };
		AB3889B3110ED52B00217E8F /* Chapter.m in Sources */ = {isa = PBXBuildFile; fileRef = AB388993110ED52B00217E8F /* Chapter.m */; };
		AB3889B4110ED52B00217E8F /* CompletedWorksheet.m in Sources */ = {isa = PBXBuildFile; fileRef = AB388995110ED52B00217E8F /* CompletedWorksheet.m */; };
		AB3889B5110ED52B00217E8F /* WorksheetAnswer.m in Sources */ = {isa = PBXBuildFile; fileRef = AB388997110ED52B00217E8F /* WorksheetAnswer.m */; };
		AB3889B6110ED52B00217E8F /* StudentQuestion.m in Sources */ = {isa = PBXBuildFile; fileRef = AB388999110ED52B00217E8F /* StudentQuestion.m */; };
		AB3889B7110ED52B00217E8F /* Module.m in Sources */ = {isa = PBXBuildFile; fileRef = AB38899B110ED52B00217E8F /* Module.m */; };
		AB3889B8110ED52B00217E8F /* CompletedLesson.m in Sources */ = {isa = PBXBuildFile; fileRef = AB38899D110ED52B00217E8F /* CompletedLesson.m */; };
		AB3889B9110ED52B00217E8F /* Award.m in Sources */ = {isa = PBXBuildFile; fileRef = AB38899F110ED52B00217E8F /* Award.m */; };
		AB3889BA110ED52B00217E8F /* StudentAnswer.m in Sources */ = {isa = PBXBuildFile; fileRef = AB3889A1110ED52B00217E8F /* StudentAnswer.m */; };
		AB3889BB110ED52B00217E8F /* Lecture.m in Sources */ = {isa = PBXBuildFile; fileRef = AB3889A3110ED52B00217E8F /* Lecture.m */; };
		AB3889BC110ED52B00217E8F /* Keyword.m in Sources */ = {isa = PBXBuildFile; fileRef = AB3889A5110ED52B00217E8F /* Keyword.m */; };
		AB3889BD110ED52B00217E8F /* Worksheet.m in Sources */ = {isa = PBXBuildFile; fileRef = AB3889A7110ED52B00217E8F /* Worksheet.m */; };
		AB3889BE110ED52B00217E8F /* Article.m in Sources */ = {isa = PBXBuildFile; fileRef = AB3889A9110ED52B00217E8F /* Article.m */; };
		AB3889BF110ED52B00217E8F /* UserAwards.m in Sources */ = {isa = PBXBuildFile; fileRef = AB3889AB110ED52B00217E8F /* UserAwards.m */; };
		AB3889C0110ED52B00217E8F /* KeywordSet.m in Sources */ = {isa = PBXBuildFile; fileRef = AB3889AD110ED52B00217E8F /* KeywordSet.m */; };
		AB3889C1110ED52B00217E8F /* Student.m in Sources */ = {isa = PBXBuildFile; fileRef = AB3889AF110ED52B00217E8F /* Student.m */; };
		AB3889C2110ED52B00217E8F /* WorksheetQuestion.m in Sources */ = {isa = PBXBuildFile; fileRef = AB3889B1110ED52B00217E8F /* WorksheetQuestion.m */; };
		AB3889CD110ED78800217E8F /* DesignAvatar1.m in Sources */ = {isa = PBXBuildFile; fileRef = AB3889CB110ED78800217E8F /* DesignAvatar1.m */; };
		AB3889CE110ED78800217E8F /* DesignAvatar1.xib in Resources */ = {isa = PBXBuildFile; fileRef = AB3889CC110ED78800217E8F /* DesignAvatar1.xib */; };
		AB388A42110FAF3800217E8F /* ModuleHome.m in Sources */ = {isa = PBXBuildFile; fileRef = AB388A40110FAF3800217E8F /* ModuleHome.m */; };
		AB388A43110FAF3800217E8F /* ModuleHome.xib in Resources */ = {isa = PBXBuildFile; fileRef = AB388A41110FAF3800217E8F /* ModuleHome.xib */; };
		AB388A4D110FB24B00217E8F /* ChapterHome.m in Sources */ = {isa = PBXBuildFile; fileRef = AB388A4B110FB24B00217E8F /* ChapterHome.m */; };
		AB388A4E110FB24B00217E8F /* ChapterHome.xib in Resources */ = {isa = PBXBuildFile; fileRef = AB388A4C110FB24B00217E8F /* ChapterHome.xib */; };
		AB388A64110FB71F00217E8F /* ArticleHome.m in Sources */ = {isa = PBXBuildFile; fileRef = AB388A62110FB71F00217E8F /* ArticleHome.m */; };
		AB388A65110FB71F00217E8F /* ArticleHome.xib in Resources */ = {isa = PBXBuildFile; fileRef = AB388A63110FB71F00217E8F /* ArticleHome.xib */; };
		AB388A7C110FBE0C00217E8F /* ChalkboardHome.m in Sources */ = {isa = PBXBuildFile; fileRef = AB388A7A110FBE0C00217E8F /* ChalkboardHome.m */; };
		AB388A7D110FBE0C00217E8F /* ChalkboardHome.xib in Resources */ = {isa = PBXBuildFile; fileRef = AB388A7B110FBE0C00217E8F /* ChalkboardHome.xib */; };
		AB388A8F110FC5E200217E8F /* StudentQuestionHome.m in Sources */ = {isa = PBXBuildFile; fileRef = AB388A8D110FC5E200217E8F /* StudentQuestionHome.m */; };
		AB388A90110FC5E200217E8F /* StudentQuestionHome.xib in Resources */ = {isa = PBXBuildFile; fileRef = AB388A8E110FC5E200217E8F /* StudentQuestionHome.xib */; };
		AB388AC3110FE20E00217E8F /* PassOutWorksheets.m in Sources */ = {isa = PBXBuildFile; fileRef = AB388AC1110FE20E00217E8F /* PassOutWorksheets.m */; };
		AB388AC4110FE20E00217E8F /* PassOutWorksheets.xib in Resources */ = {isa = PBXBuildFile; fileRef = AB388AC2110FE20E00217E8F /* PassOutWorksheets.xib */; };
		AB388ADC110FE51200217E8F /* PapersToGrade.m in Sources */ = {isa = PBXBuildFile; fileRef = AB388ADB110FE51200217E8F /* PapersToGrade.m */; };
		AB388AE2110FE5F300217E8F /* GradePaper.m in Sources */ = {isa = PBXBuildFile; fileRef = AB388AE0110FE5F300217E8F /* GradePaper.m */; };
		AB388AE3110FE5F300217E8F /* GradePaper.xib in Resources */ = {isa = PBXBuildFile; fileRef = AB388AE1110FE5F300217E8F /* GradePaper.xib */; };
		AB388AFD110FEA8600217E8F /* AwardsHome.m in Sources */ = {isa = PBXBuildFile; fileRef = AB388AFB110FEA8600217E8F /* AwardsHome.m */; };
		AB388AFE110FEA8600217E8F /* AwardsHome.xib in Resources */ = {isa = PBXBuildFile; fileRef = AB388AFC110FEA8600217E8F /* AwardsHome.xib */; };
		AB388B04110FEA9500217E8F /* StoreHome.m in Sources */ = {isa = PBXBuildFile; fileRef = AB388B02110FEA9500217E8F /* StoreHome.m */; };
		AB388B05110FEA9500217E8F /* StoreHome.xib in Resources */ = {isa = PBXBuildFile; fileRef = AB388B03110FEA9500217E8F /* StoreHome.xib */; };
		AB388B0A110FEAC600217E8F /* LessonsTaught.m in Sources */ = {isa = PBXBuildFile; fileRef = AB388B09110FEAC600217E8F /* LessonsTaught.m */; };
		AB388B10110FEB2900217E8F /* StudentsList.m in Sources */ = {isa = PBXBuildFile; fileRef = AB388B0F110FEB2900217E8F /* StudentsList.m */; };
		AB388B15110FEB5000217E8F /* StudentHome.m in Sources */ = {isa = PBXBuildFile; fileRef = AB388B14110FEB5000217E8F /* StudentHome.m */; };
		AB7A166F10FBBE5F00902689 /* Welcome.m in Sources */ = {isa = PBXBuildFile; fileRef = AB7A166D10FBBE5F00902689 /* Welcome.m */; };
		ABB3C54B1106ECA5006FEEDA /* Default.png in Resources */ = {isa = PBXBuildFile; fileRef = ABB3C5491106ECA5006FEEDA /* Default.png */; };
		ABB3C54C1106ECA5006FEEDA /* icon.png in Resources */ = {isa = PBXBuildFile; fileRef = ABB3C54A1106ECA5006FEEDA /* icon.png */; };
		ABB3C58E1106F3FA006FEEDA /* person.png in Resources */ = {isa = PBXBuildFile; fileRef = ABB3C58D1106F3FA006FEEDA /* person.png */; };
		ABCAA6821116B7D700D3956F /* AccountSelection.m in Sources */ = {isa = PBXBuildFile; fileRef = ABCAA6811116B7D700D3956F /* AccountSelection.m */; };
/* End PBXBuildFile section */

/* Begin PBXFileReference section */
		1D30AB110D05D00D00671497 /* Foundation.framework */ = {isa = PBXFileReference; lastKnownFileType = wrapper.framework; name = Foundation.framework; path = System/Library/Frameworks/Foundation.framework; sourceTree = SDKROOT; };
		1D3623240D0F684500981E51 /* MySchoolAppDelegate.h */ = {isa = PBXFileReference; fileEncoding = 4; lastKnownFileType = sourcecode.c.h; path = MySchoolAppDelegate.h; sourceTree = "<group>"; };
		1D3623250D0F684500981E51 /* MySchoolAppDelegate.m */ = {isa = PBXFileReference; fileEncoding = 4; lastKnownFileType = sourcecode.c.objc; path = MySchoolAppDelegate.m; sourceTree = "<group>"; };
		1D6058910D05DD3D006BFB54 /* MySchool.app */ = {isa = PBXFileReference; explicitFileType = wrapper.application; includeInIndex = 0; path = MySchool.app; sourceTree = BUILT_PRODUCTS_DIR; };
		1DF5F4DF0D08C38300B7A737 /* UIKit.framework */ = {isa = PBXFileReference; lastKnownFileType = wrapper.framework; name = UIKit.framework; path = System/Library/Frameworks/UIKit.framework; sourceTree = SDKROOT; };
		288765A40DF7441C002DB57D /* CoreGraphics.framework */ = {isa = PBXFileReference; lastKnownFileType = wrapper.framework; name = CoreGraphics.framework; path = System/Library/Frameworks/CoreGraphics.framework; sourceTree = SDKROOT; };
		2899E5210DE3E06400AC0155 /* LoginController.xib */ = {isa = PBXFileReference; lastKnownFileType = file.xib; name = LoginController.xib; path = ../LoginController.xib; sourceTree = "<group>"; };
		28AD733E0D9D9553002E5188 /* MainWindow.xib */ = {isa = PBXFileReference; lastKnownFileType = file.xib; path = MainWindow.xib; sourceTree = "<group>"; };
		28D7ACF60DDB3853001CB0EB /* LoginController.h */ = {isa = PBXFileReference; fileEncoding = 4; lastKnownFileType = sourcecode.c.h; path = LoginController.h; sourceTree = "<group>"; };
		28D7ACF70DDB3853001CB0EB /* LoginController.m */ = {isa = PBXFileReference; fileEncoding = 4; lastKnownFileType = sourcecode.c.objc; path = LoginController.m; sourceTree = "<group>"; };
		29B97316FDCFA39411CA2CEA /* main.m */ = {isa = PBXFileReference; fileEncoding = 4; lastKnownFileType = sourcecode.c.objc; path = main.m; sourceTree = "<group>"; };
		32CA4F630368D1EE00C91783 /* MySchool_Prefix.pch */ = {isa = PBXFileReference; fileEncoding = 4; lastKnownFileType = sourcecode.c.h; path = MySchool_Prefix.pch; sourceTree = "<group>"; };
		8D1107310486CEB800E47090 /* MySchool-Info.plist */ = {isa = PBXFileReference; fileEncoding = 4; lastKnownFileType = text.plist.xml; path = "MySchool-Info.plist"; plistStructureDefinitionIdentifier = "com.apple.xcode.plist.structure-definition.iphone.info-plist"; sourceTree = "<group>"; };
		AB07EFDF1108E97800204AFE /* Welcome.xib */ = {isa = PBXFileReference; lastKnownFileType = file.xib; name = Welcome.xib; path = ../Welcome.xib; sourceTree = "<group>"; };
		AB07EFEE1108EA1D00204AFE /* MainMenu.h */ = {isa = PBXFileReference; fileEncoding = 4; lastKnownFileType = sourcecode.c.h; path = MainMenu.h; sourceTree = "<group>"; };
		AB07EFEF1108EA1D00204AFE /* MainMenu.m */ = {isa = PBXFileReference; fileEncoding = 4; lastKnownFileType = sourcecode.c.objc; path = MainMenu.m; sourceTree = "<group>"; };
		AB07EFF01108EA1D00204AFE /* MainMenu.xib */ = {isa = PBXFileReference; lastKnownFileType = file.xib; path = MainMenu.xib; sourceTree = "<group>"; };
		AB07F0191108F15F00204AFE /* model.xcdatamodel */ = {isa = PBXFileReference; fileEncoding = 4; lastKnownFileType = wrapper.xcdatamodel; path = model.xcdatamodel; sourceTree = "<group>"; };
		AB07F12C11090B7500204AFE /* CoreData.framework */ = {isa = PBXFileReference; lastKnownFileType = wrapper.framework; name = CoreData.framework; path = System/Library/Frameworks/CoreData.framework; sourceTree = SDKROOT; };
		AB07F1AE110962BA00204AFE /* GameStatusHome.h */ = {isa = PBXFileReference; fileEncoding = 4; lastKnownFileType = sourcecode.c.h; path = GameStatusHome.h; sourceTree = "<group>"; };
		AB07F1AF110962BA00204AFE /* GameStatusHome.m */ = {isa = PBXFileReference; fileEncoding = 4; lastKnownFileType = sourcecode.c.objc; path = GameStatusHome.m; sourceTree = "<group>"; };
		AB07F1B0110962BA00204AFE /* GameStatusHome.xib */ = {isa = PBXFileReference; lastKnownFileType = file.xib; path = GameStatusHome.xib; sourceTree = "<group>"; };
		AB07F1DC110966CD00204AFE /* HelpHome.h */ = {isa = PBXFileReference; fileEncoding = 4; lastKnownFileType = sourcecode.c.h; path = HelpHome.h; sourceTree = "<group>"; };
		AB07F1DD110966CD00204AFE /* HelpHome.m */ = {isa = PBXFileReference; fileEncoding = 4; lastKnownFileType = sourcecode.c.objc; path = HelpHome.m; sourceTree = "<group>"; };
		AB07F1DE110966CD00204AFE /* HelpHome.xib */ = {isa = PBXFileReference; lastKnownFileType = file.xib; path = HelpHome.xib; sourceTree = "<group>"; };
		AB07F1E4110966F800204AFE /* NewGameHome.h */ = {isa = PBXFileReference; fileEncoding = 4; lastKnownFileType = sourcecode.c.h; path = NewGameHome.h; sourceTree = "<group>"; };
		AB07F1E5110966F800204AFE /* NewGameHome.m */ = {isa = PBXFileReference; fileEncoding = 4; lastKnownFileType = sourcecode.c.objc; path = NewGameHome.m; sourceTree = "<group>"; };
		AB07F1E6110966F800204AFE /* NewGameHome.xib */ = {isa = PBXFileReference; lastKnownFileType = file.xib; path = NewGameHome.xib; sourceTree = "<group>"; };
		AB07F2131109858000204AFE /* baseViewController.h */ = {isa = PBXFileReference; fileEncoding = 4; lastKnownFileType = sourcecode.c.h; path = baseViewController.h; sourceTree = "<group>"; };
		AB07F2141109858000204AFE /* baseViewController.m */ = {isa = PBXFileReference; fileEncoding = 4; lastKnownFileType = sourcecode.c.objc; path = baseViewController.m; sourceTree = "<group>"; };
		AB07F25811098B4B00204AFE /* LibraryHome.h */ = {isa = PBXFileReference; fileEncoding = 4; lastKnownFileType = sourcecode.c.h; path = LibraryHome.h; sourceTree = "<group>"; };
		AB07F25911098B4B00204AFE /* LibraryHome.m */ = {isa = PBXFileReference; fileEncoding = 4; lastKnownFileType = sourcecode.c.objc; path = LibraryHome.m; sourceTree = "<group>"; };
		AB07F25A11098B4B00204AFE /* LibraryHome.xib */ = {isa = PBXFileReference; lastKnownFileType = file.xib; path = LibraryHome.xib; sourceTree = "<group>"; };
		AB07F25F11098B6600204AFE /* ClassroomHome.h */ = {isa = PBXFileReference; fileEncoding = 4; lastKnownFileType = sourcecode.c.h; path = ClassroomHome.h; sourceTree = "<group>"; };
		AB07F26011098B6600204AFE /* ClassroomHome.m */ = {isa = PBXFileReference; fileEncoding = 4; lastKnownFileType = sourcecode.c.objc; path = ClassroomHome.m; sourceTree = "<group>"; };
		AB07F26111098B6600204AFE /* ClassroomHome.xib */ = {isa = PBXFileReference; lastKnownFileType = file.xib; path = ClassroomHome.xib; sourceTree = "<group>"; };
		AB07F26611098B7600204AFE /* LoungeHome.h */ = {isa = PBXFileReference; fileEncoding = 4; lastKnownFileType = sourcecode.c.h; path = LoungeHome.h; sourceTree = "<group>"; };
		AB07F26711098B7600204AFE /* LoungeHome.m */ = {isa = PBXFileReference; fileEncoding = 4; lastKnownFileType = sourcecode.c.objc; path = LoungeHome.m; sourceTree = "<group>"; };
		AB07F26811098B7600204AFE /* LoungeHome.xib */ = {isa = PBXFileReference; lastKnownFileType = file.xib; path = LoungeHome.xib; sourceTree = "<group>"; };
		AB20516411174F9B00ED8E61 /* UserPlus.h */ = {isa = PBXFileReference; fileEncoding = 4; lastKnownFileType = sourcecode.c.h; name = UserPlus.h; path = ../UserPlus.h; sourceTree = "<group>"; };
		AB20516511174F9B00ED8E61 /* UserPlus.m */ = {isa = PBXFileReference; fileEncoding = 4; lastKnownFileType = sourcecode.c.objc; name = UserPlus.m; path = ../UserPlus.m; sourceTree = "<group>"; };
		AB20518A1117547700ED8E61 /* User.h */ = {isa = PBXFileReference; fileEncoding = 4; lastKnownFileType = sourcecode.c.h; path = User.h; sourceTree = "<group>"; };
		AB20518B1117547700ED8E61 /* User.m */ = {isa = PBXFileReference; fileEncoding = 4; lastKnownFileType = sourcecode.c.objc; path = User.m; sourceTree = "<group>"; };
		AB26205811121CEE005D02F4 /* man.png */ = {isa = PBXFileReference; lastKnownFileType = image.png; name = man.png; path = Classes/man.png; sourceTree = "<group>"; };
		AB26205911121CEE005D02F4 /* woman.png */ = {isa = PBXFileReference; lastKnownFileType = image.png; name = woman.png; path = Classes/woman.png; sourceTree = "<group>"; };
		AB388992110ED52B00217E8F /* Chapter.h */ = {isa = PBXFileReference; fileEncoding = 4; lastKnownFileType = sourcecode.c.h; path = Chapter.h; sourceTree = "<group>"; };
		AB388993110ED52B00217E8F /* Chapter.m */ = {isa = PBXFileReference; fileEncoding = 4; lastKnownFileType = sourcecode.c.objc; path = Chapter.m; sourceTree = "<group>"; };
		AB388994110ED52B00217E8F /* CompletedWorksheet.h */ = {isa = PBXFileReference; fileEncoding = 4; lastKnownFileType = sourcecode.c.h; path = CompletedWorksheet.h; sourceTree = "<group>"; };
		AB388995110ED52B00217E8F /* CompletedWorksheet.m */ = {isa = PBXFileReference; fileEncoding = 4; lastKnownFileType = sourcecode.c.objc; path = CompletedWorksheet.m; sourceTree = "<group>"; };
		AB388996110ED52B00217E8F /* WorksheetAnswer.h */ = {isa = PBXFileReference; fileEncoding = 4; lastKnownFileType = sourcecode.c.h; path = WorksheetAnswer.h; sourceTree = "<group>"; };
		AB388997110ED52B00217E8F /* WorksheetAnswer.m */ = {isa = PBXFileReference; fileEncoding = 4; lastKnownFileType = sourcecode.c.objc; path = WorksheetAnswer.m; sourceTree = "<group>"; };
		AB388998110ED52B00217E8F /* StudentQuestion.h */ = {isa = PBXFileReference; fileEncoding = 4; lastKnownFileType = sourcecode.c.h; path = StudentQuestion.h; sourceTree = "<group>"; };
		AB388999110ED52B00217E8F /* StudentQuestion.m */ = {isa = PBXFileReference; fileEncoding = 4; lastKnownFileType = sourcecode.c.objc; path = StudentQuestion.m; sourceTree = "<group>"; };
		AB38899A110ED52B00217E8F /* Module.h */ = {isa = PBXFileReference; fileEncoding = 4; lastKnownFileType = sourcecode.c.h; path = Module.h; sourceTree = "<group>"; };
		AB38899B110ED52B00217E8F /* Module.m */ = {isa = PBXFileReference; fileEncoding = 4; lastKnownFileType = sourcecode.c.objc; path = Module.m; sourceTree = "<group>"; };
		AB38899C110ED52B00217E8F /* CompletedLesson.h */ = {isa = PBXFileReference; fileEncoding = 4; lastKnownFileType = sourcecode.c.h; path = CompletedLesson.h; sourceTree = "<group>"; };
		AB38899D110ED52B00217E8F /* CompletedLesson.m */ = {isa = PBXFileReference; fileEncoding = 4; lastKnownFileType = sourcecode.c.objc; path = CompletedLesson.m; sourceTree = "<group>"; };
		AB38899E110ED52B00217E8F /* Award.h */ = {isa = PBXFileReference; fileEncoding = 4; lastKnownFileType = sourcecode.c.h; path = Award.h; sourceTree = "<group>"; };
		AB38899F110ED52B00217E8F /* Award.m */ = {isa = PBXFileReference; fileEncoding = 4; lastKnownFileType = sourcecode.c.objc; path = Award.m; sourceTree = "<group>"; };
		AB3889A0110ED52B00217E8F /* StudentAnswer.h */ = {isa = PBXFileReference; fileEncoding = 4; lastKnownFileType = sourcecode.c.h; path = StudentAnswer.h; sourceTree = "<group>"; };
		AB3889A1110ED52B00217E8F /* StudentAnswer.m */ = {isa = PBXFileReference; fileEncoding = 4; lastKnownFileType = sourcecode.c.objc; path = StudentAnswer.m; sourceTree = "<group>"; };
		AB3889A2110ED52B00217E8F /* Lecture.h */ = {isa = PBXFileReference; fileEncoding = 4; lastKnownFileType = sourcecode.c.h; path = Lecture.h; sourceTree = "<group>"; };
		AB3889A3110ED52B00217E8F /* Lecture.m */ = {isa = PBXFileReference; fileEncoding = 4; lastKnownFileType = sourcecode.c.objc; path = Lecture.m; sourceTree = "<group>"; };
		AB3889A4110ED52B00217E8F /* Keyword.h */ = {isa = PBXFileReference; fileEncoding = 4; lastKnownFileType = sourcecode.c.h; path = Keyword.h; sourceTree = "<group>"; };
		AB3889A5110ED52B00217E8F /* Keyword.m */ = {isa = PBXFileReference; fileEncoding = 4; lastKnownFileType = sourcecode.c.objc; path = Keyword.m; sourceTree = "<group>"; };
		AB3889A6110ED52B00217E8F /* Worksheet.h */ = {isa = PBXFileReference; fileEncoding = 4; lastKnownFileType = sourcecode.c.h; path = Worksheet.h; sourceTree = "<group>"; };
		AB3889A7110ED52B00217E8F /* Worksheet.m */ = {isa = PBXFileReference; fileEncoding = 4; lastKnownFileType = sourcecode.c.objc; path = Worksheet.m; sourceTree = "<group>"; };
		AB3889A8110ED52B00217E8F /* Article.h */ = {isa = PBXFileReference; fileEncoding = 4; lastKnownFileType = sourcecode.c.h; path = Article.h; sourceTree = "<group>"; };
		AB3889A9110ED52B00217E8F /* Article.m */ = {isa = PBXFileReference; fileEncoding = 4; lastKnownFileType = sourcecode.c.objc; path = Article.m; sourceTree = "<group>"; };
		AB3889AA110ED52B00217E8F /* UserAwards.h */ = {isa = PBXFileReference; fileEncoding = 4; lastKnownFileType = sourcecode.c.h; path = UserAwards.h; sourceTree = "<group>"; };
		AB3889AB110ED52B00217E8F /* UserAwards.m */ = {isa = PBXFileReference; fileEncoding = 4; lastKnownFileType = sourcecode.c.objc; path = UserAwards.m; sourceTree = "<group>"; };
		AB3889AC110ED52B00217E8F /* KeywordSet.h */ = {isa = PBXFileReference; fileEncoding = 4; lastKnownFileType = sourcecode.c.h; path = KeywordSet.h; sourceTree = "<group>"; };
		AB3889AD110ED52B00217E8F /* KeywordSet.m */ = {isa = PBXFileReference; fileEncoding = 4; lastKnownFileType = sourcecode.c.objc; path = KeywordSet.m; sourceTree = "<group>"; };
		AB3889AE110ED52B00217E8F /* Student.h */ = {isa = PBXFileReference; fileEncoding = 4; lastKnownFileType = sourcecode.c.h; path = Student.h; sourceTree = "<group>"; };
		AB3889AF110ED52B00217E8F /* Student.m */ = {isa = PBXFileReference; fileEncoding = 4; lastKnownFileType = sourcecode.c.objc; path = Student.m; sourceTree = "<group>"; };
		AB3889B0110ED52B00217E8F /* WorksheetQuestion.h */ = {isa = PBXFileReference; fileEncoding = 4; lastKnownFileType = sourcecode.c.h; path = WorksheetQuestion.h; sourceTree = "<group>"; };
		AB3889B1110ED52B00217E8F /* WorksheetQuestion.m */ = {isa = PBXFileReference; fileEncoding = 4; lastKnownFileType = sourcecode.c.objc; path = WorksheetQuestion.m; sourceTree = "<group>"; };
		AB3889CA110ED78800217E8F /* DesignAvatar1.h */ = {isa = PBXFileReference; fileEncoding = 4; lastKnownFileType = sourcecode.c.h; path = DesignAvatar1.h; sourceTree = "<group>"; };
		AB3889CB110ED78800217E8F /* DesignAvatar1.m */ = {isa = PBXFileReference; fileEncoding = 4; lastKnownFileType = sourcecode.c.objc; path = DesignAvatar1.m; sourceTree = "<group>"; };
		AB3889CC110ED78800217E8F /* DesignAvatar1.xib */ = {isa = PBXFileReference; lastKnownFileType = file.xib; path = DesignAvatar1.xib; sourceTree = "<group>"; };
		AB388A3F110FAF3800217E8F /* ModuleHome.h */ = {isa = PBXFileReference; fileEncoding = 4; lastKnownFileType = sourcecode.c.h; path = ModuleHome.h; sourceTree = "<group>"; };
		AB388A40110FAF3800217E8F /* ModuleHome.m */ = {isa = PBXFileReference; fileEncoding = 4; lastKnownFileType = sourcecode.c.objc; path = ModuleHome.m; sourceTree = "<group>"; };
		AB388A41110FAF3800217E8F /* ModuleHome.xib */ = {isa = PBXFileReference; lastKnownFileType = file.xib; path = ModuleHome.xib; sourceTree = "<group>"; };
		AB388A4A110FB24B00217E8F /* ChapterHome.h */ = {isa = PBXFileReference; fileEncoding = 4; lastKnownFileType = sourcecode.c.h; path = ChapterHome.h; sourceTree = "<group>"; };
		AB388A4B110FB24B00217E8F /* ChapterHome.m */ = {isa = PBXFileReference; fileEncoding = 4; lastKnownFileType = sourcecode.c.objc; path = ChapterHome.m; sourceTree = "<group>"; };
		AB388A4C110FB24B00217E8F /* ChapterHome.xib */ = {isa = PBXFileReference; lastKnownFileType = file.xib; path = ChapterHome.xib; sourceTree = "<group>"; };
		AB388A61110FB71F00217E8F /* ArticleHome.h */ = {isa = PBXFileReference; fileEncoding = 4; lastKnownFileType = sourcecode.c.h; path = ArticleHome.h; sourceTree = "<group>"; };
		AB388A62110FB71F00217E8F /* ArticleHome.m */ = {isa = PBXFileReference; fileEncoding = 4; lastKnownFileType = sourcecode.c.objc; path = ArticleHome.m; sourceTree = "<group>"; };
		AB388A63110FB71F00217E8F /* ArticleHome.xib */ = {isa = PBXFileReference; lastKnownFileType = file.xib; path = ArticleHome.xib; sourceTree = "<group>"; };
		AB388A79110FBE0C00217E8F /* ChalkboardHome.h */ = {isa = PBXFileReference; fileEncoding = 4; lastKnownFileType = sourcecode.c.h; path = ChalkboardHome.h; sourceTree = "<group>"; };
		AB388A7A110FBE0C00217E8F /* ChalkboardHome.m */ = {isa = PBXFileReference; fileEncoding = 4; lastKnownFileType = sourcecode.c.objc; path = ChalkboardHome.m; sourceTree = "<group>"; };
		AB388A7B110FBE0C00217E8F /* ChalkboardHome.xib */ = {isa = PBXFileReference; lastKnownFileType = file.xib; path = ChalkboardHome.xib; sourceTree = "<group>"; };
		AB388A8C110FC5E200217E8F /* StudentQuestionHome.h */ = {isa = PBXFileReference; fileEncoding = 4; lastKnownFileType = sourcecode.c.h; path = StudentQuestionHome.h; sourceTree = "<group>"; };
		AB388A8D110FC5E200217E8F /* StudentQuestionHome.m */ = {isa = PBXFileReference; fileEncoding = 4; lastKnownFileType = sourcecode.c.objc; path = StudentQuestionHome.m; sourceTree = "<group>"; };
		AB388A8E110FC5E200217E8F /* StudentQuestionHome.xib */ = {isa = PBXFileReference; lastKnownFileType = file.xib; path = StudentQuestionHome.xib; sourceTree = "<group>"; };
		AB388AC0110FE20E00217E8F /* PassOutWorksheets.h */ = {isa = PBXFileReference; fileEncoding = 4; lastKnownFileType = sourcecode.c.h; path = PassOutWorksheets.h; sourceTree = "<group>"; };
		AB388AC1110FE20E00217E8F /* PassOutWorksheets.m */ = {isa = PBXFileReference; fileEncoding = 4; lastKnownFileType = sourcecode.c.objc; path = PassOutWorksheets.m; sourceTree = "<group>"; };
		AB388AC2110FE20E00217E8F /* PassOutWorksheets.xib */ = {isa = PBXFileReference; lastKnownFileType = file.xib; path = PassOutWorksheets.xib; sourceTree = "<group>"; };
		AB388ADA110FE51200217E8F /* PapersToGrade.h */ = {isa = PBXFileReference; fileEncoding = 4; lastKnownFileType = sourcecode.c.h; path = PapersToGrade.h; sourceTree = "<group>"; };
		AB388ADB110FE51200217E8F /* PapersToGrade.m */ = {isa = PBXFileReference; fileEncoding = 4; lastKnownFileType = sourcecode.c.objc; path = PapersToGrade.m; sourceTree = "<group>"; };
		AB388ADF110FE5F300217E8F /* GradePaper.h */ = {isa = PBXFileReference; fileEncoding = 4; lastKnownFileType = sourcecode.c.h; path = GradePaper.h; sourceTree = "<group>"; };
		AB388AE0110FE5F300217E8F /* GradePaper.m */ = {isa = PBXFileReference; fileEncoding = 4; lastKnownFileType = sourcecode.c.objc; path = GradePaper.m; sourceTree = "<group>"; };
		AB388AE1110FE5F300217E8F /* GradePaper.xib */ = {isa = PBXFileReference; lastKnownFileType = file.xib; path = GradePaper.xib; sourceTree = "<group>"; };
		AB388AFA110FEA8600217E8F /* AwardsHome.h */ = {isa = PBXFileReference; fileEncoding = 4; lastKnownFileType = sourcecode.c.h; path = AwardsHome.h; sourceTree = "<group>"; };
		AB388AFB110FEA8600217E8F /* AwardsHome.m */ = {isa = PBXFileReference; fileEncoding = 4; lastKnownFileType = sourcecode.c.objc; path = AwardsHome.m; sourceTree = "<group>"; };
		AB388AFC110FEA8600217E8F /* AwardsHome.xib */ = {isa = PBXFileReference; lastKnownFileType = file.xib; path = AwardsHome.xib; sourceTree = "<group>"; };
		AB388B01110FEA9500217E8F /* StoreHome.h */ = {isa = PBXFileReference; fileEncoding = 4; lastKnownFileType = sourcecode.c.h; path = StoreHome.h; sourceTree = "<group>"; };
		AB388B02110FEA9500217E8F /* StoreHome.m */ = {isa = PBXFileReference; fileEncoding = 4; lastKnownFileType = sourcecode.c.objc; path = StoreHome.m; sourceTree = "<group>"; };
		AB388B03110FEA9500217E8F /* StoreHome.xib */ = {isa = PBXFileReference; lastKnownFileType = file.xib; path = StoreHome.xib; sourceTree = "<group>"; };
		AB388B08110FEAC600217E8F /* LessonsTaught.h */ = {isa = PBXFileReference; fileEncoding = 4; lastKnownFileType = sourcecode.c.h; path = LessonsTaught.h; sourceTree = "<group>"; };
		AB388B09110FEAC600217E8F /* LessonsTaught.m */ = {isa = PBXFileReference; fileEncoding = 4; lastKnownFileType = sourcecode.c.objc; path = LessonsTaught.m; sourceTree = "<group>"; };
		AB388B0E110FEB2900217E8F /* StudentsList.h */ = {isa = PBXFileReference; fileEncoding = 4; lastKnownFileType = sourcecode.c.h; path = StudentsList.h; sourceTree = "<group>"; };
		AB388B0F110FEB2900217E8F /* StudentsList.m */ = {isa = PBXFileReference; fileEncoding = 4; lastKnownFileType = sourcecode.c.objc; path = StudentsList.m; sourceTree = "<group>"; };
		AB388B13110FEB5000217E8F /* StudentHome.h */ = {isa = PBXFileReference; fileEncoding = 4; lastKnownFileType = sourcecode.c.h; path = StudentHome.h; sourceTree = "<group>"; };
		AB388B14110FEB5000217E8F /* StudentHome.m */ = {isa = PBXFileReference; fileEncoding = 4; lastKnownFileType = sourcecode.c.objc; path = StudentHome.m; sourceTree = "<group>"; };
		AB7A166C10FBBE5F00902689 /* Welcome.h */ = {isa = PBXFileReference; fileEncoding = 4; lastKnownFileType = sourcecode.c.h; path = Welcome.h; sourceTree = "<group>"; };
		AB7A166D10FBBE5F00902689 /* Welcome.m */ = {isa = PBXFileReference; fileEncoding = 4; lastKnownFileType = sourcecode.c.objc; path = Welcome.m; sourceTree = "<group>"; };
		ABB3C5491106ECA5006FEEDA /* Default.png */ = {isa = PBXFileReference; lastKnownFileType = image.png; path = Default.png; sourceTree = "<group>"; };
		ABB3C54A1106ECA5006FEEDA /* icon.png */ = {isa = PBXFileReference; lastKnownFileType = image.png; path = icon.png; sourceTree = "<group>"; };
		ABB3C58D1106F3FA006FEEDA /* person.png */ = {isa = PBXFileReference; lastKnownFileType = image.png; path = person.png; sourceTree = "<group>"; };
		ABCAA6801116B7D700D3956F /* AccountSelection.h */ = {isa = PBXFileReference; fileEncoding = 4; lastKnownFileType = sourcecode.c.h; path = AccountSelection.h; sourceTree = "<group>"; };
		ABCAA6811116B7D700D3956F /* AccountSelection.m */ = {isa = PBXFileReference; fileEncoding = 4; lastKnownFileType = sourcecode.c.objc; path = AccountSelection.m; sourceTree = "<group>"; };
/* End PBXFileReference section */

/* Begin PBXFrameworksBuildPhase section */
		1D60588F0D05DD3D006BFB54 /* Frameworks */ = {
			isa = PBXFrameworksBuildPhase;
			buildActionMask = 2147483647;
			files = (
				1D60589F0D05DD5A006BFB54 /* Foundation.framework in Frameworks */,
				1DF5F4E00D08C38300B7A737 /* UIKit.framework in Frameworks */,
				288765A50DF7441C002DB57D /* CoreGraphics.framework in Frameworks */,
				AB07F12D11090B7500204AFE /* CoreData.framework in Frameworks */,
			);
			runOnlyForDeploymentPostprocessing = 0;
		};
/* End PBXFrameworksBuildPhase section */

/* Begin PBXGroup section */
		080E96DDFE201D6D7F000001 /* Classes */ = {
			isa = PBXGroup;
			children = (
				1D3623240D0F684500981E51 /* MySchoolAppDelegate.h */,
				1D3623250D0F684500981E51 /* MySchoolAppDelegate.m */,
				AB07EFEE1108EA1D00204AFE /* MainMenu.h */,
				AB07EFEF1108EA1D00204AFE /* MainMenu.m */,
				AB07EFF01108EA1D00204AFE /* MainMenu.xib */,
				ABCAA67D1116B68000D3956F /* welcome */,
				AB07F25511098B2A00204AFE /* lounge */,
				AB07F25211098B2000204AFE /* classroom */,
				AB07F24F11098B1800204AFE /* library */,
				AB07F1D91109669E00204AFE /* New Teacher */,
				AB07F1D61109669200204AFE /* Help */,
				AB07F1B5110962C700204AFE /* Status */,
				AB07F2131109858000204AFE /* baseViewController.h */,
				AB07F2141109858000204AFE /* baseViewController.m */,
			);
			path = Classes;
			sourceTree = "<group>";
		};
		19C28FACFE9D520D11CA2CBB /* Products */ = {
			isa = PBXGroup;
			children = (
				1D6058910D05DD3D006BFB54 /* MySchool.app */,
			);
			name = Products;
			sourceTree = "<group>";
		};
		29B97314FDCFA39411CA2CEA /* CustomTemplate */ = {
			isa = PBXGroup;
			children = (
				AB07F0161108F0CD00204AFE /* Model */,
				080E96DDFE201D6D7F000001 /* Classes */,
				29B97315FDCFA39411CA2CEA /* Other Sources */,
				29B97317FDCFA39411CA2CEA /* Resources */,
				29B97323FDCFA39411CA2CEA /* Frameworks */,
				19C28FACFE9D520D11CA2CBB /* Products */,
			);
			name = CustomTemplate;
			sourceTree = "<group>";
		};
		29B97315FDCFA39411CA2CEA /* Other Sources */ = {
			isa = PBXGroup;
			children = (
				32CA4F630368D1EE00C91783 /* MySchool_Prefix.pch */,
				29B97316FDCFA39411CA2CEA /* main.m */,
			);
			name = "Other Sources";
			sourceTree = "<group>";
		};
		29B97317FDCFA39411CA2CEA /* Resources */ = {
			isa = PBXGroup;
			children = (
				AB26207B1112204F005D02F4 /* avatar images */,
				ABB3C5491106ECA5006FEEDA /* Default.png */,
				ABB3C54A1106ECA5006FEEDA /* icon.png */,
				28AD733E0D9D9553002E5188 /* MainWindow.xib */,
				8D1107310486CEB800E47090 /* MySchool-Info.plist */,
			);
			name = Resources;
			sourceTree = "<group>";
		};
		29B97323FDCFA39411CA2CEA /* Frameworks */ = {
			isa = PBXGroup;
			children = (
				AB07F12C11090B7500204AFE /* CoreData.framework */,
				1DF5F4DF0D08C38300B7A737 /* UIKit.framework */,
				1D30AB110D05D00D00671497 /* Foundation.framework */,
				288765A40DF7441C002DB57D /* CoreGraphics.framework */,
			);
			name = Frameworks;
			sourceTree = "<group>";
		};
		AB07F0161108F0CD00204AFE /* Model */ = {
			isa = PBXGroup;
			children = (
				AB20518A1117547700ED8E61 /* User.h */,
				AB20518B1117547700ED8E61 /* User.m */,
				AB07F0191108F15F00204AFE /* model.xcdatamodel */,
				AB20516411174F9B00ED8E61 /* UserPlus.h */,
				AB20516511174F9B00ED8E61 /* UserPlus.m */,
				AB388992110ED52B00217E8F /* Chapter.h */,
				AB388993110ED52B00217E8F /* Chapter.m */,
				AB388994110ED52B00217E8F /* CompletedWorksheet.h */,
				AB388995110ED52B00217E8F /* CompletedWorksheet.m */,
				AB388996110ED52B00217E8F /* WorksheetAnswer.h */,
				AB388997110ED52B00217E8F /* WorksheetAnswer.m */,
				AB388998110ED52B00217E8F /* StudentQuestion.h */,
				AB388999110ED52B00217E8F /* StudentQuestion.m */,
				AB38899A110ED52B00217E8F /* Module.h */,
				AB38899B110ED52B00217E8F /* Module.m */,
				AB38899C110ED52B00217E8F /* CompletedLesson.h */,
				AB38899D110ED52B00217E8F /* CompletedLesson.m */,
				AB38899E110ED52B00217E8F /* Award.h */,
				AB38899F110ED52B00217E8F /* Award.m */,
				AB3889A0110ED52B00217E8F /* StudentAnswer.h */,
				AB3889A1110ED52B00217E8F /* StudentAnswer.m */,
				AB3889A2110ED52B00217E8F /* Lecture.h */,
				AB3889A3110ED52B00217E8F /* Lecture.m */,
				AB3889A4110ED52B00217E8F /* Keyword.h */,
				AB3889A5110ED52B00217E8F /* Keyword.m */,
				AB3889A6110ED52B00217E8F /* Worksheet.h */,
				AB3889A7110ED52B00217E8F /* Worksheet.m */,
				AB3889A8110ED52B00217E8F /* Article.h */,
				AB3889A9110ED52B00217E8F /* Article.m */,
				AB3889AA110ED52B00217E8F /* UserAwards.h */,
				AB3889AB110ED52B00217E8F /* UserAwards.m */,
				AB3889AC110ED52B00217E8F /* KeywordSet.h */,
				AB3889AD110ED52B00217E8F /* KeywordSet.m */,
				AB3889AE110ED52B00217E8F /* Student.h */,
				AB3889AF110ED52B00217E8F /* Student.m */,
				AB3889B0110ED52B00217E8F /* WorksheetQuestion.h */,
				AB3889B1110ED52B00217E8F /* WorksheetQuestion.m */,
			);
			name = Model;
			path = Classes;
			sourceTree = "<group>";
		};
		AB07F1B5110962C700204AFE /* Status */ = {
			isa = PBXGroup;
			children = (
				AB388B01110FEA9500217E8F /* StoreHome.h */,
				AB388B02110FEA9500217E8F /* StoreHome.m */,
				AB388B03110FEA9500217E8F /* StoreHome.xib */,
				AB07F1AE110962BA00204AFE /* GameStatusHome.h */,
				AB07F1AF110962BA00204AFE /* GameStatusHome.m */,
				AB07F1B0110962BA00204AFE /* GameStatusHome.xib */,
				AB388AFA110FEA8600217E8F /* AwardsHome.h */,
				AB388AFB110FEA8600217E8F /* AwardsHome.m */,
				AB388AFC110FEA8600217E8F /* AwardsHome.xib */,
				AB388B08110FEAC600217E8F /* LessonsTaught.h */,
				AB388B09110FEAC600217E8F /* LessonsTaught.m */,
				AB388B0E110FEB2900217E8F /* StudentsList.h */,
				AB388B0F110FEB2900217E8F /* StudentsList.m */,
				AB388B13110FEB5000217E8F /* StudentHome.h */,
				AB388B14110FEB5000217E8F /* StudentHome.m */,
			);
			name = Status;
			sourceTree = "<group>";
		};
		AB07F1D61109669200204AFE /* Help */ = {
			isa = PBXGroup;
			children = (
				AB07F1DC110966CD00204AFE /* HelpHome.h */,
				AB07F1DD110966CD00204AFE /* HelpHome.m */,
				AB07F1DE110966CD00204AFE /* HelpHome.xib */,
			);
			name = Help;
			sourceTree = "<group>";
		};
		AB07F1D91109669E00204AFE /* New Teacher */ = {
			isa = PBXGroup;
			children = (
				28D7ACF60DDB3853001CB0EB /* LoginController.h */,
				28D7ACF70DDB3853001CB0EB /* LoginController.m */,
				2899E5210DE3E06400AC0155 /* LoginController.xib */,
				AB07F1E4110966F800204AFE /* NewGameHome.h */,
				AB07F1E5110966F800204AFE /* NewGameHome.m */,
				AB07F1E6110966F800204AFE /* NewGameHome.xib */,
				AB3889CA110ED78800217E8F /* DesignAvatar1.h */,
				AB3889CB110ED78800217E8F /* DesignAvatar1.m */,
				AB3889CC110ED78800217E8F /* DesignAvatar1.xib */,
			);
			name = "New Teacher";
			sourceTree = "<group>";
		};
		AB07F24F11098B1800204AFE /* library */ = {
			isa = PBXGroup;
			children = (
				AB07F25811098B4B00204AFE /* LibraryHome.h */,
				AB07F25911098B4B00204AFE /* LibraryHome.m */,
				AB07F25A11098B4B00204AFE /* LibraryHome.xib */,
				AB388A3F110FAF3800217E8F /* ModuleHome.h */,
				AB388A40110FAF3800217E8F /* ModuleHome.m */,
				AB388A41110FAF3800217E8F /* ModuleHome.xib */,
				AB388A4A110FB24B00217E8F /* ChapterHome.h */,
				AB388A4B110FB24B00217E8F /* ChapterHome.m */,
				AB388A4C110FB24B00217E8F /* ChapterHome.xib */,
				AB388A61110FB71F00217E8F /* ArticleHome.h */,
				AB388A62110FB71F00217E8F /* ArticleHome.m */,
				AB388A63110FB71F00217E8F /* ArticleHome.xib */,
			);
			name = library;
			sourceTree = "<group>";
		};
		AB07F25211098B2000204AFE /* classroom */ = {
			isa = PBXGroup;
			children = (
				AB07F25F11098B6600204AFE /* ClassroomHome.h */,
				AB07F26011098B6600204AFE /* ClassroomHome.m */,
				AB07F26111098B6600204AFE /* ClassroomHome.xib */,
				AB388A79110FBE0C00217E8F /* ChalkboardHome.h */,
				AB388A7A110FBE0C00217E8F /* ChalkboardHome.m */,
				AB388A7B110FBE0C00217E8F /* ChalkboardHome.xib */,
				AB388A8C110FC5E200217E8F /* StudentQuestionHome.h */,
				AB388A8D110FC5E200217E8F /* StudentQuestionHome.m */,
				AB388A8E110FC5E200217E8F /* StudentQuestionHome.xib */,
				AB388AC0110FE20E00217E8F /* PassOutWorksheets.h */,
				AB388AC1110FE20E00217E8F /* PassOutWorksheets.m */,
				AB388AC2110FE20E00217E8F /* PassOutWorksheets.xib */,
			);
			name = classroom;
			sourceTree = "<group>";
		};
		AB07F25511098B2A00204AFE /* lounge */ = {
			isa = PBXGroup;
			children = (
				AB07F26611098B7600204AFE /* LoungeHome.h */,
				AB07F26711098B7600204AFE /* LoungeHome.m */,
				AB07F26811098B7600204AFE /* LoungeHome.xib */,
				AB388ADA110FE51200217E8F /* PapersToGrade.h */,
				AB388ADB110FE51200217E8F /* PapersToGrade.m */,
				AB388ADF110FE5F300217E8F /* GradePaper.h */,
				AB388AE0110FE5F300217E8F /* GradePaper.m */,
				AB388AE1110FE5F300217E8F /* GradePaper.xib */,
			);
			name = lounge;
			sourceTree = "<group>";
		};
		AB26207B1112204F005D02F4 /* avatar images */ = {
			isa = PBXGroup;
			children = (
				AB26205811121CEE005D02F4 /* man.png */,
				AB26205911121CEE005D02F4 /* woman.png */,
				ABB3C58D1106F3FA006FEEDA /* person.png */,
			);
			name = "avatar images";
			sourceTree = "<group>";
		};
		ABCAA67D1116B68000D3956F /* welcome */ = {
			isa = PBXGroup;
			children = (
				AB7A166C10FBBE5F00902689 /* Welcome.h */,
				AB7A166D10FBBE5F00902689 /* Welcome.m */,
				AB07EFDF1108E97800204AFE /* Welcome.xib */,
				ABCAA6801116B7D700D3956F /* AccountSelection.h */,
				ABCAA6811116B7D700D3956F /* AccountSelection.m */,
			);
			name = welcome;
			sourceTree = "<group>";
		};
/* End PBXGroup section */

/* Begin PBXNativeTarget section */
		1D6058900D05DD3D006BFB54 /* MySchool */ = {
			isa = PBXNativeTarget;
			buildConfigurationList = 1D6058960D05DD3E006BFB54 /* Build configuration list for PBXNativeTarget "MySchool" */;
			buildPhases = (
				1D60588D0D05DD3D006BFB54 /* Resources */,
				1D60588E0D05DD3D006BFB54 /* Sources */,
				1D60588F0D05DD3D006BFB54 /* Frameworks */,
			);
			buildRules = (
			);
			dependencies = (
			);
			name = MySchool;
			productName = MySchool;
			productReference = 1D6058910D05DD3D006BFB54 /* MySchool.app */;
			productType = "com.apple.product-type.application";
		};
/* End PBXNativeTarget section */

/* Begin PBXProject section */
		29B97313FDCFA39411CA2CEA /* Project object */ = {
			isa = PBXProject;
			buildConfigurationList = C01FCF4E08A954540054247B /* Build configuration list for PBXProject "MySchool" */;
			compatibilityVersion = "Xcode 3.1";
			hasScannedForEncodings = 1;
			mainGroup = 29B97314FDCFA39411CA2CEA /* CustomTemplate */;
			projectDirPath = "";
			projectRoot = "";
			targets = (
				1D6058900D05DD3D006BFB54 /* MySchool */,
			);
		};
/* End PBXProject section */

/* Begin PBXResourcesBuildPhase section */
		1D60588D0D05DD3D006BFB54 /* Resources */ = {
			isa = PBXResourcesBuildPhase;
			buildActionMask = 2147483647;
			files = (
				28AD733F0D9D9553002E5188 /* MainWindow.xib in Resources */,
				2899E5220DE3E06400AC0155 /* LoginController.xib in Resources */,
				ABB3C54B1106ECA5006FEEDA /* Default.png in Resources */,
				ABB3C54C1106ECA5006FEEDA /* icon.png in Resources */,
				ABB3C58E1106F3FA006FEEDA /* person.png in Resources */,
				AB07EFE01108E97800204AFE /* Welcome.xib in Resources */,
				AB07EFF21108EA1D00204AFE /* MainMenu.xib in Resources */,
				AB07F1B2110962BA00204AFE /* GameStatusHome.xib in Resources */,
				AB07F1E0110966CD00204AFE /* HelpHome.xib in Resources */,
				AB07F1E8110966F800204AFE /* NewGameHome.xib in Resources */,
				AB07F25C11098B4B00204AFE /* LibraryHome.xib in Resources */,
				AB07F26311098B6600204AFE /* ClassroomHome.xib in Resources */,
				AB07F26A11098B7600204AFE /* LoungeHome.xib in Resources */,
				AB3889CE110ED78800217E8F /* DesignAvatar1.xib in Resources */,
				AB388A43110FAF3800217E8F /* ModuleHome.xib in Resources */,
				AB388A4E110FB24B00217E8F /* ChapterHome.xib in Resources */,
				AB388A65110FB71F00217E8F /* ArticleHome.xib in Resources */,
				AB388A7D110FBE0C00217E8F /* ChalkboardHome.xib in Resources */,
				AB388A90110FC5E200217E8F /* StudentQuestionHome.xib in Resources */,
				AB388AC4110FE20E00217E8F /* PassOutWorksheets.xib in Resources */,
				AB388AE3110FE5F300217E8F /* GradePaper.xib in Resources */,
				AB388AFE110FEA8600217E8F /* AwardsHome.xib in Resources */,
				AB388B05110FEA9500217E8F /* StoreHome.xib in Resources */,
				AB26205A11121CEE005D02F4 /* man.png in Resources */,
				AB26205B11121CEE005D02F4 /* woman.png in Resources */,
			);
			runOnlyForDeploymentPostprocessing = 0;
		};
/* End PBXResourcesBuildPhase section */

/* Begin PBXSourcesBuildPhase section */
		1D60588E0D05DD3D006BFB54 /* Sources */ = {
			isa = PBXSourcesBuildPhase;
			buildActionMask = 2147483647;
			files = (
				1D60589B0D05DD56006BFB54 /* main.m in Sources */,
				1D3623260D0F684500981E51 /* MySchoolAppDelegate.m in Sources */,
				28D7ACF80DDB3853001CB0EB /* LoginController.m in Sources */,
				AB7A166F10FBBE5F00902689 /* Welcome.m in Sources */,
				AB07EFF11108EA1D00204AFE /* MainMenu.m in Sources */,
				AB07F01A1108F15F00204AFE /* model.xcdatamodel in Sources */,
				AB07F1B1110962BA00204AFE /* GameStatusHome.m in Sources */,
				AB07F1DF110966CD00204AFE /* HelpHome.m in Sources */,
				AB07F1E7110966F800204AFE /* NewGameHome.m in Sources */,
				AB07F2151109858000204AFE /* baseViewController.m in Sources */,
				AB07F25B11098B4B00204AFE /* LibraryHome.m in Sources */,
				AB07F26211098B6600204AFE /* ClassroomHome.m in Sources */,
				AB07F26911098B7600204AFE /* LoungeHome.m in Sources */,
				AB3889B3110ED52B00217E8F /* Chapter.m in Sources */,
				AB3889B4110ED52B00217E8F /* CompletedWorksheet.m in Sources */,
				AB3889B5110ED52B00217E8F /* WorksheetAnswer.m in Sources */,
				AB3889B6110ED52B00217E8F /* StudentQuestion.m in Sources */,
				AB3889B7110ED52B00217E8F /* Module.m in Sources */,
				AB3889B8110ED52B00217E8F /* CompletedLesson.m in Sources */,
				AB3889B9110ED52B00217E8F /* Award.m in Sources */,
				AB3889BA110ED52B00217E8F /* StudentAnswer.m in Sources */,
				AB3889BB110ED52B00217E8F /* Lecture.m in Sources */,
				AB3889BC110ED52B00217E8F /* Keyword.m in Sources */,
				AB3889BD110ED52B00217E8F /* Worksheet.m in Sources */,
				AB3889BE110ED52B00217E8F /* Article.m in Sources */,
				AB3889BF110ED52B00217E8F /* UserAwards.m in Sources */,
				AB3889C0110ED52B00217E8F /* KeywordSet.m in Sources */,
				AB3889C1110ED52B00217E8F /* Student.m in Sources */,
				AB3889C2110ED52B00217E8F /* WorksheetQuestion.m in Sources */,
				AB3889CD110ED78800217E8F /* DesignAvatar1.m in Sources */,
				AB388A42110FAF3800217E8F /* ModuleHome.m in Sources */,
				AB388A4D110FB24B00217E8F /* ChapterHome.m in Sources */,
				AB388A64110FB71F00217E8F /* ArticleHome.m in Sources */,
				AB388A7C110FBE0C00217E8F /* ChalkboardHome.m in Sources */,
				AB388A8F110FC5E200217E8F /* StudentQuestionHome.m in Sources */,
				AB388AC3110FE20E00217E8F /* PassOutWorksheets.m in Sources */,
				AB388ADC110FE51200217E8F /* PapersToGrade.m in Sources */,
				AB388AE2110FE5F300217E8F /* GradePaper.m in Sources */,
				AB388AFD110FEA8600217E8F /* AwardsHome.m in Sources */,
				AB388B04110FEA9500217E8F /* StoreHome.m in Sources */,
				AB388B0A110FEAC600217E8F /* LessonsTaught.m in Sources */,
				AB388B10110FEB2900217E8F /* StudentsList.m in Sources */,
				AB388B15110FEB5000217E8F /* StudentHome.m in Sources */,
				ABCAA6821116B7D700D3956F /* AccountSelection.m in Sources */,
				AB20516611174F9B00ED8E61 /* UserPlus.m in Sources */,
				AB20518C1117547700ED8E61 /* User.m in Sources */,
			);
			runOnlyForDeploymentPostprocessing = 0;
		};
/* End PBXSourcesBuildPhase section */

/* Begin XCBuildConfiguration section */
		1D6058940D05DD3E006BFB54 /* Debug */ = {
			isa = XCBuildConfiguration;
			buildSettings = {
				ALWAYS_SEARCH_USER_PATHS = NO;
				COPY_PHASE_STRIP = NO;
				GCC_DYNAMIC_NO_PIC = NO;
				GCC_OPTIMIZATION_LEVEL = 0;
				GCC_PRECOMPILE_PREFIX_HEADER = YES;
				GCC_PREFIX_HEADER = MySchool_Prefix.pch;
				INFOPLIST_FILE = "MySchool-Info.plist";
				PRODUCT_NAME = MySchool;
			};
			name = Debug;
		};
		1D6058950D05DD3E006BFB54 /* Release */ = {
			isa = XCBuildConfiguration;
			buildSettings = {
				ALWAYS_SEARCH_USER_PATHS = NO;
				COPY_PHASE_STRIP = YES;
				GCC_PRECOMPILE_PREFIX_HEADER = YES;
				GCC_PREFIX_HEADER = MySchool_Prefix.pch;
				INFOPLIST_FILE = "MySchool-Info.plist";
				PRODUCT_NAME = MySchool;
			};
			name = Release;
		};
		C01FCF4F08A954540054247B /* Debug */ = {
			isa = XCBuildConfiguration;
			buildSettings = {
				ARCHS = "$(ARCHS_STANDARD_32_BIT)";
				"CODE_SIGN_IDENTITY[sdk=iphoneos*]" = "iPhone Developer";
				GCC_C_LANGUAGE_STANDARD = c99;
				GCC_WARN_ABOUT_RETURN_TYPE = YES;
				GCC_WARN_UNUSED_VARIABLE = YES;
				PREBINDING = NO;
				SDKROOT = iphoneos3.1;
			};
			name = Debug;
		};
		C01FCF5008A954540054247B /* Release */ = {
			isa = XCBuildConfiguration;
			buildSettings = {
				ARCHS = "$(ARCHS_STANDARD_32_BIT)";
				"CODE_SIGN_IDENTITY[sdk=iphoneos*]" = "iPhone Developer";
				GCC_C_LANGUAGE_STANDARD = c99;
				GCC_WARN_ABOUT_RETURN_TYPE = YES;
				GCC_WARN_UNUSED_VARIABLE = YES;
				PREBINDING = NO;
				SDKROOT = iphoneos3.1;
			};
			name = Release;
		};
/* End XCBuildConfiguration section */

/* Begin XCConfigurationList section */
		1D6058960D05DD3E006BFB54 /* Build configuration list for PBXNativeTarget "MySchool" */ = {
			isa = XCConfigurationList;
			buildConfigurations = (
				1D6058940D05DD3E006BFB54 /* Debug */,
				1D6058950D05DD3E006BFB54 /* Release */,
			);
			defaultConfigurationIsVisible = 0;
			defaultConfigurationName = Release;
		};
		C01FCF4E08A954540054247B /* Build configuration list for PBXProject "MySchool" */ = {
			isa = XCConfigurationList;
			buildConfigurations = (
				C01FCF4F08A954540054247B /* Debug */,
				C01FCF5008A954540054247B /* Release */,
			);
			defaultConfigurationIsVisible = 0;
			defaultConfigurationName = Release;
		};
/* End XCConfigurationList section */
	};
	rootObject = 29B97313FDCFA39411CA2CEA /* Project object */;
}
